// !$*UTF8*$!
{
	archiveVersion = 1;
	classes = {
	};
	objectVersion = 46;
	objects = {

/* Begin PBXBuildFile section */
		032C2DDB1D490F8A00B5EAEE /* main.cpp in Sources */ = {isa = PBXBuildFile; fileRef = 032C2DDA1D490F8A00B5EAEE /* main.cpp */; };
/* End PBXBuildFile section */

/* Begin PBXCopyFilesBuildPhase section */
		032C2DD51D490F8A00B5EAEE /* CopyFiles */ = {
			isa = PBXCopyFilesBuildPhase;
			buildActionMask = 2147483647;
			dstPath = /usr/share/man/man1/;
			dstSubfolderSpec = 0;
			files = (
			);
			runOnlyForDeploymentPostprocessing = 1;
		};
/* End PBXCopyFilesBuildPhase section */

/* Begin PBXFileReference section */
		032C2DD71D490F8A00B5EAEE /* ex3_24 */ = {isa = PBXFileReference; explicitFileType = "compiled.mach-o.executable"; includeInIndex = 0; path = ex3_24; sourceTree = BUILT_PRODUCTS_DIR; };
		032C2DDA1D490F8A00B5EAEE /* main.cpp */ = {isa = PBXFileReference; lastKnownFileType = sourcecode.cpp.cpp; path = main.cpp; sourceTree = "<group>"; };
/* End PBXFileReference section */

/* Begin PBXFrameworksBuildPhase section */
		032C2DD41D490F8A00B5EAEE /* Frameworks */ = {
			isa = PBXFrameworksBuildPhase;
			buildActionMask = 2147483647;
			files = (
			);
			runOnlyForDeploymentPostprocessing = 0;
		};
/* End PBXFrameworksBuildPhase section */

/* Begin PBXGroup section */
		032C2DCE1D490F8A00B5EAEE = {
			isa = PBXGroup;
			children = (
				032C2DD91D490F8A00B5EAEE /* ex3_24 */,
				032C2DD81D490F8A00B5EAEE /* Products */,
			);
			sourceTree = "<group>";
		};
		032C2DD81D490F8A00B5EAEE /* Products */ = {
			isa = PBXGroup;
			children = (
				032C2DD71D490F8A00B5EAEE /* ex3_24 */,
			);
			name = Products;
			sourceTree = "<group>";
		};
		032C2DD91D490F8A00B5EAEE /* ex3_24 */ = {
			isa = PBXGroup;
			children = (
				032C2DDA1D490F8A00B5EAEE /* main.cpp */,
			);
			path = ex3_24;
			sourceTree = "<group>";
		};
/* End PBXGroup section */

/* Begin PBXNativeTarget section */
		032C2DD61D490F8A00B5EAEE /* ex3_24 */ = {
			isa = PBXNativeTarget;
			buildConfigurationList = 032C2DDE1D490F8A00B5EAEE /* Build configuration list for PBXNativeTarget "ex3_24" */;
			buildPhases = (
				032C2DD31D490F8A00B5EAEE /* Sources */,
				032C2DD41D490F8A00B5EAEE /* Frameworks */,
				032C2DD51D490F8A00B5EAEE /* CopyFiles */,
			);
			buildRules = (
			);
			dependencies = (
			);
			name = ex3_24;
			productName = ex3_24;
			productReference = 032C2DD71D490F8A00B5EAEE /* ex3_24 */;
			productType = "com.apple.product-type.tool";
		};
/* End PBXNativeTarget section */

/* Begin PBXProject section */
		032C2DCF1D490F8A00B5EAEE /* Project object */ = {
			isa = PBXProject;
			attributes = {
				LastUpgradeCheck = 0730;
				ORGANIZATIONNAME = cpp_primer_4th_edition;
				TargetAttributes = {
					032C2DD61D490F8A00B5EAEE = {
						CreatedOnToolsVersion = 7.3;
					};
				};
			};
			buildConfigurationList = 032C2DD21D490F8A00B5EAEE /* Build configuration list for PBXProject "ex3_24" */;
			compatibilityVersion = "Xcode 3.2";
			developmentRegion = English;
			hasScannedForEncodings = 0;
			knownRegions = (
				en,
			);
			mainGroup = 032C2DCE1D490F8A00B5EAEE;
			productRefGroup = 032C2DD81D490F8A00B5EAEE /* Products */;
			projectDirPath = "";
			projectRoot = "";
			targets = (
				032C2DD61D490F8A00B5EAEE /* ex3_24 */,
			);
		};
/* End PBXProject section */

/* Begin PBXSourcesBuildPhase section */
		032C2DD31D490F8A00B5EAEE /* Sources */ = {
			isa = PBXSourcesBuildPhase;
			buildActionMask = 2147483647;
			files = (
				032C2DDB1D490F8A00B5EAEE /* main.cpp in Sources */,
			);
			runOnlyForDeploymentPostprocessing = 0;
		};
/* End PBXSourcesBuildPhase section */

/* Begin XCBuildConfiguration section */
		032C2DDC1D490F8A00B5EAEE /* Debug */ = {
			isa = XCBuildConfiguration;
			buildSettings = {
				ALWAYS_SEARCH_USER_PATHS = NO;
				CLANG_ANALYZER_NONNULL = YES;
				CLANG_CXX_LANGUAGE_STANDARD = "gnu++0x";
				CLANG_CXX_LIBRARY = "libc++";
				CLANG_ENABLE_MODULES = YES;
				CLANG_ENABLE_OBJC_ARC = YES;
				CLANG_WARN_BOOL_CONVERSION = YES;
				CLANG_WARN_CONSTANT_CONVERSION = YES;
				CLANG_WARN_DIRECT_OBJC_ISA_USAGE = YES_ERROR;
				CLANG_WARN_EMPTY_BODY = YES;
				CLANG_WARN_ENUM_CONVERSION = YES;
				CLANG_WARN_INT_CONVERSION = YES;
				CLANG_WARN_OBJC_ROOT_CLASS = YES_ERROR;
				CLANG_WARN_UNREACHABLE_CODE = YES;
				CLANG_WARN__DUPLICATE_METHOD_MATCH = YES;
				CODE_SIGN_IDENTITY = "-";
				COPY_PHASE_STRIP = NO;
				DEBUG_INFORMATION_FORMAT = dwarf;
				ENABLE_STRICT_OBJC_MSGSEND = YES;
				ENABLE_TESTABILITY = YES;
				GCC_C_LANGUAGE_STANDARD = gnu99;
				GCC_DYNAMIC_NO_PIC = NO;
				GCC_NO_COMMON_BLOCKS = YES;
				GCC_OPTIMIZATION_LEVEL = 0;
				GCC_PREPROCESSOR_DEFINITIONS = (
					"DEBUG=1",
					"$(inherited)",
				);
				GCC_WARN_64_TO_32_BIT_CONVERSION = YES;
				GCC_WARN_ABOUT_RETURN_TYPE = YES_ERROR;
				GCC_WARN_UNDECLARED_SELECTOR = YES;
				GCC_WARN_UNINITIALIZED_AUTOS = YES_AGGRESSIVE;
				GCC_WARN_UNUSED_FUNCTION = YES;
				GCC_WARN_UNUSED_VARIABLE = YES;
				MACOSX_DEPLOYMENT_TARGET = 10.11;
				MTL_ENABLE_DEBUG_INFO = YES;
				ONLY_ACTIVE_ARCH = YES;
				SDKROOT = macosx;
			};
			name = Debug;
		};
		032C2DDD1D490F8A00B5EAEE /* Release */ = {
			isa = XCBuildConfiguration;
			buildSettings = {
				ALWAYS_SEARCH_USER_PATHS = NO;
				CLANG_ANALYZER_NONNULL = YES;
				CLANG_CXX_LANGUAGE_STANDARD = "gnu++0x";
				CLANG_CXX_LIBRARY = "libc++";
				CLANG_ENABLE_MODULES = YES;
				CLANG_ENABLE_OBJC_ARC = YES;
				CLANG_WARN_BOOL_CONVERSION = YES;
				CLANG_WARN_CONSTANT_CONVERSION = YES;
				CLANG_WARN_DIRECT_OBJC_ISA_USAGE = YES_ERROR;
				CLANG_WARN_EMPTY_BODY = YES;
				CLANG_WARN_ENUM_CONVERSION = YES;
				CLANG_WARN_INT_CONVERSION = YES;
				CLANG_WARN_OBJC_ROOT_CLASS = YES_ERROR;
				CLANG_WARN_UNREACHABLE_CODE = YES;
				CLANG_WARN__DUPLICATE_METHOD_MATCH = YES;
				CODE_SIGN_IDENTITY = "-";
				COPY_PHASE_STRIP = NO;
				DEBUG_INFORMATION_FORMAT = "dwarf-with-dsym";
				ENABLE_NS_ASSERTIONS = NO;
				ENABLE_STRICT_OBJC_MSGSEND = YES;
				GCC_C_LANGUAGE_STANDARD = gnu99;
				GCC_NO_COMMON_BLOCKS = YES;
				GCC_WARN_64_TO_32_BIT_CONVERSION = YES;
				GCC_WARN_ABOUT_RETURN_TYPE = YES_ERROR;
				GCC_WARN_UNDECLARED_SELECTOR = YES;
				GCC_WARN_UNINITIALIZED_AUTOS = YES_AGGRESSIVE;
				GCC_WARN_UNUSED_FUNCTION = YES;
				GCC_WARN_UNUSED_VARIABLE = YES;
				MACOSX_DEPLOYMENT_TARGET = 10.11;
				MTL_ENABLE_DEBUG_INFO = NO;
				SDKROOT = macosx;
			};
			name = Release;
		};
		032C2DDF1D490F8A00B5EAEE /* Debug */ = {
			isa = XCBuildConfiguration;
			buildSettings = {
				PRODUCT_NAME = "$(TARGET_NAME)";
			};
			name = Debug;
		};
		032C2DE01D490F8A00B5EAEE /* Release */ = {
			isa = XCBuildConfiguration;
			buildSettings = {
				PRODUCT_NAME = "$(TARGET_NAME)";
			};
			name = Release;
		};
/* End XCBuildConfiguration section */

/* Begin XCConfigurationList section */
		032C2DD21D490F8A00B5EAEE /* Build configuration list for PBXProject "ex3_24" */ = {
			isa = XCConfigurationList;
			buildConfigurations = (
				032C2DDC1D490F8A00B5EAEE /* Debug */,
				032C2DDD1D490F8A00B5EAEE /* Release */,
			);
			defaultConfigurationIsVisible = 0;
			defaultConfigurationName = Release;
		};
		032C2DDE1D490F8A00B5EAEE /* Build configuration list for PBXNativeTarget "ex3_24" */ = {
			isa = XCConfigurationList;
			buildConfigurations = (
				032C2DDF1D490F8A00B5EAEE /* Debug */,
				032C2DE01D490F8A00B5EAEE /* Release */,
			);
			defaultConfigurationIsVisible = 0;
		};
/* End XCConfigurationList section */
	};
	rootObject = 032C2DCF1D490F8A00B5EAEE /* Project object */;
}
