// !$*UTF8*$!
{
	archiveVersion = 1;
	classes = {
	};
	objectVersion = 46;
	objects = {

/* Begin PBXBuildFile section */
		03D499EF1DA568CF00F49EA2 /* main.cpp in Sources */ = {isa = PBXBuildFile; fileRef = 03D499EE1DA568CF00F49EA2 /* main.cpp */; };
		03D499F61DA56A6300F49EA2 /* BitManipulations.cpp in Sources */ = {isa = PBXBuildFile; fileRef = 03D499F51DA56A6300F49EA2 /* BitManipulations.cpp */; };
/* End PBXBuildFile section */

/* Begin PBXCopyFilesBuildPhase section */
		03D499E91DA568CF00F49EA2 /* CopyFiles */ = {
			isa = PBXCopyFilesBuildPhase;
			buildActionMask = 2147483647;
			dstPath = /usr/share/man/man1/;
			dstSubfolderSpec = 0;
			files = (
			);
			runOnlyForDeploymentPostprocessing = 1;
		};
/* End PBXCopyFilesBuildPhase section */

/* Begin PBXFileReference section */
		03D499EB1DA568CF00F49EA2 /* ex5_9 */ = {isa = PBXFileReference; explicitFileType = "compiled.mach-o.executable"; includeInIndex = 0; path = ex5_9; sourceTree = BUILT_PRODUCTS_DIR; };
		03D499EE1DA568CF00F49EA2 /* main.cpp */ = {isa = PBXFileReference; lastKnownFileType = sourcecode.cpp.cpp; path = main.cpp; sourceTree = "<group>"; };
		03D499F51DA56A6300F49EA2 /* BitManipulations.cpp */ = {isa = PBXFileReference; fileEncoding = 4; lastKnownFileType = sourcecode.cpp.cpp; path = BitManipulations.cpp; sourceTree = "<group>"; };
/* End PBXFileReference section */

/* Begin PBXFrameworksBuildPhase section */
		03D499E81DA568CF00F49EA2 /* Frameworks */ = {
			isa = PBXFrameworksBuildPhase;
			buildActionMask = 2147483647;
			files = (
			);
			runOnlyForDeploymentPostprocessing = 0;
		};
/* End PBXFrameworksBuildPhase section */

/* Begin PBXGroup section */
		03D499E21DA568CF00F49EA2 = {
			isa = PBXGroup;
			children = (
				03D499ED1DA568CF00F49EA2 /* ex5_9 */,
				03D499EC1DA568CF00F49EA2 /* Products */,
			);
			sourceTree = "<group>";
		};
		03D499EC1DA568CF00F49EA2 /* Products */ = {
			isa = PBXGroup;
			children = (
				03D499EB1DA568CF00F49EA2 /* ex5_9 */,
			);
			name = Products;
			sourceTree = "<group>";
		};
		03D499ED1DA568CF00F49EA2 /* ex5_9 */ = {
			isa = PBXGroup;
			children = (
				03D499EE1DA568CF00F49EA2 /* main.cpp */,
				03D499F51DA56A6300F49EA2 /* BitManipulations.cpp */,
			);
			path = ex5_9;
			sourceTree = "<group>";
		};
/* End PBXGroup section */

/* Begin PBXNativeTarget section */
		03D499EA1DA568CF00F49EA2 /* ex5_9 */ = {
			isa = PBXNativeTarget;
			buildConfigurationList = 03D499F21DA568CF00F49EA2 /* Build configuration list for PBXNativeTarget "ex5_9" */;
			buildPhases = (
				03D499E71DA568CF00F49EA2 /* Sources */,
				03D499E81DA568CF00F49EA2 /* Frameworks */,
				03D499E91DA568CF00F49EA2 /* CopyFiles */,
			);
			buildRules = (
			);
			dependencies = (
			);
			name = ex5_9;
			productName = ex5_9;
			productReference = 03D499EB1DA568CF00F49EA2 /* ex5_9 */;
			productType = "com.apple.product-type.tool";
		};
/* End PBXNativeTarget section */

/* Begin PBXProject section */
		03D499E31DA568CF00F49EA2 /* Project object */ = {
			isa = PBXProject;
			attributes = {
				LastUpgradeCheck = 0800;
				ORGANIZATIONNAME = cpp_primer_4th_edition;
				TargetAttributes = {
					03D499EA1DA568CF00F49EA2 = {
						CreatedOnToolsVersion = 8.0;
						ProvisioningStyle = Automatic;
					};
				};
			};
			buildConfigurationList = 03D499E61DA568CF00F49EA2 /* Build configuration list for PBXProject "ex5_9" */;
			compatibilityVersion = "Xcode 3.2";
			developmentRegion = English;
			hasScannedForEncodings = 0;
			knownRegions = (
				en,
			);
			mainGroup = 03D499E21DA568CF00F49EA2;
			productRefGroup = 03D499EC1DA568CF00F49EA2 /* Products */;
			projectDirPath = "";
			projectRoot = "";
			targets = (
				03D499EA1DA568CF00F49EA2 /* ex5_9 */,
			);
		};
/* End PBXProject section */

/* Begin PBXSourcesBuildPhase section */
		03D499E71DA568CF00F49EA2 /* Sources */ = {
			isa = PBXSourcesBuildPhase;
			buildActionMask = 2147483647;
			files = (
				03D499F61DA56A6300F49EA2 /* BitManipulations.cpp in Sources */,
				03D499EF1DA568CF00F49EA2 /* main.cpp in Sources */,
			);
			runOnlyForDeploymentPostprocessing = 0;
		};
/* End PBXSourcesBuildPhase section */

/* Begin XCBuildConfiguration section */
		03D499F01DA568CF00F49EA2 /* Debug */ = {
			isa = XCBuildConfiguration;
			buildSettings = {
				ALWAYS_SEARCH_USER_PATHS = NO;
				CLANG_ANALYZER_NONNULL = YES;
				CLANG_CXX_LANGUAGE_STANDARD = "gnu++0x";
				CLANG_CXX_LIBRARY = "libc++";
				CLANG_ENABLE_MODULES = YES;
				CLANG_ENABLE_OBJC_ARC = YES;
				CLANG_WARN_BOOL_CONVERSION = YES;
				CLANG_WARN_CONSTANT_CONVERSION = YES;
				CLANG_WARN_DIRECT_OBJC_ISA_USAGE = YES_ERROR;
				CLANG_WARN_DOCUMENTATION_COMMENTS = YES;
				CLANG_WARN_EMPTY_BODY = YES;
				CLANG_WARN_ENUM_CONVERSION = YES;
				CLANG_WARN_INFINITE_RECURSION = YES;
				CLANG_WARN_INT_CONVERSION = YES;
				CLANG_WARN_OBJC_ROOT_CLASS = YES_ERROR;
				CLANG_WARN_SUSPICIOUS_MOVES = YES;
				CLANG_WARN_UNREACHABLE_CODE = YES;
				CLANG_WARN__DUPLICATE_METHOD_MATCH = YES;
				CODE_SIGN_IDENTITY = "-";
				COPY_PHASE_STRIP = NO;
				DEBUG_INFORMATION_FORMAT = dwarf;
				ENABLE_STRICT_OBJC_MSGSEND = YES;
				ENABLE_TESTABILITY = YES;
				GCC_C_LANGUAGE_STANDARD = gnu99;
				GCC_DYNAMIC_NO_PIC = NO;
				GCC_NO_COMMON_BLOCKS = YES;
				GCC_OPTIMIZATION_LEVEL = 0;
				GCC_PREPROCESSOR_DEFINITIONS = (
					"DEBUG=1",
					"$(inherited)",
				);
				GCC_WARN_64_TO_32_BIT_CONVERSION = YES;
				GCC_WARN_ABOUT_RETURN_TYPE = YES_ERROR;
				GCC_WARN_UNDECLARED_SELECTOR = YES;
				GCC_WARN_UNINITIALIZED_AUTOS = YES_AGGRESSIVE;
				GCC_WARN_UNUSED_FUNCTION = YES;
				GCC_WARN_UNUSED_VARIABLE = YES;
				MACOSX_DEPLOYMENT_TARGET = 10.12;
				MTL_ENABLE_DEBUG_INFO = YES;
				ONLY_ACTIVE_ARCH = YES;
				SDKROOT = macosx;
			};
			name = Debug;
		};
		03D499F11DA568CF00F49EA2 /* Release */ = {
			isa = XCBuildConfiguration;
			buildSettings = {
				ALWAYS_SEARCH_USER_PATHS = NO;
				CLANG_ANALYZER_NONNULL = YES;
				CLANG_CXX_LANGUAGE_STANDARD = "gnu++0x";
				CLANG_CXX_LIBRARY = "libc++";
				CLANG_ENABLE_MODULES = YES;
				CLANG_ENABLE_OBJC_ARC = YES;
				CLANG_WARN_BOOL_CONVERSION = YES;
				CLANG_WARN_CONSTANT_CONVERSION = YES;
				CLANG_WARN_DIRECT_OBJC_ISA_USAGE = YES_ERROR;
				CLANG_WARN_DOCUMENTATION_COMMENTS = YES;
				CLANG_WARN_EMPTY_BODY = YES;
				CLANG_WARN_ENUM_CONVERSION = YES;
				CLANG_WARN_INFINITE_RECURSION = YES;
				CLANG_WARN_INT_CONVERSION = YES;
				CLANG_WARN_OBJC_ROOT_CLASS = YES_ERROR;
				CLANG_WARN_SUSPICIOUS_MOVES = YES;
				CLANG_WARN_UNREACHABLE_CODE = YES;
				CLANG_WARN__DUPLICATE_METHOD_MATCH = YES;
				CODE_SIGN_IDENTITY = "-";
				COPY_PHASE_STRIP = NO;
				DEBUG_INFORMATION_FORMAT = "dwarf-with-dsym";
				ENABLE_NS_ASSERTIONS = NO;
				ENABLE_STRICT_OBJC_MSGSEND = YES;
				GCC_C_LANGUAGE_STANDARD = gnu99;
				GCC_NO_COMMON_BLOCKS = YES;
				GCC_WARN_64_TO_32_BIT_CONVERSION = YES;
				GCC_WARN_ABOUT_RETURN_TYPE = YES_ERROR;
				GCC_WARN_UNDECLARED_SELECTOR = YES;
				GCC_WARN_UNINITIALIZED_AUTOS = YES_AGGRESSIVE;
				GCC_WARN_UNUSED_FUNCTION = YES;
				GCC_WARN_UNUSED_VARIABLE = YES;
				MACOSX_DEPLOYMENT_TARGET = 10.12;
				MTL_ENABLE_DEBUG_INFO = NO;
				SDKROOT = macosx;
			};
			name = Release;
		};
		03D499F31DA568CF00F49EA2 /* Debug */ = {
			isa = XCBuildConfiguration;
			buildSettings = {
				HEADER_SEARCH_PATHS = /Users/brianopedal/learning/cpp_learning/googletest/include;
				OTHER_LDFLAGS = /usr/local/lib/libgtest.a;
				PRODUCT_NAME = "$(TARGET_NAME)";
			};
			name = Debug;
		};
		03D499F41DA568CF00F49EA2 /* Release */ = {
			isa = XCBuildConfiguration;
			buildSettings = {
				HEADER_SEARCH_PATHS = /Users/brianopedal/learning/cpp_learning/googletest/include;
				OTHER_LDFLAGS = /usr/local/lib/libgtest.a;
				PRODUCT_NAME = "$(TARGET_NAME)";
			};
			name = Release;
		};
/* End XCBuildConfiguration section */

/* Begin XCConfigurationList section */
		03D499E61DA568CF00F49EA2 /* Build configuration list for PBXProject "ex5_9" */ = {
			isa = XCConfigurationList;
			buildConfigurations = (
				03D499F01DA568CF00F49EA2 /* Debug */,
				03D499F11DA568CF00F49EA2 /* Release */,
			);
			defaultConfigurationIsVisible = 0;
			defaultConfigurationName = Release;
		};
		03D499F21DA568CF00F49EA2 /* Build configuration list for PBXNativeTarget "ex5_9" */ = {
			isa = XCConfigurationList;
			buildConfigurations = (
				03D499F31DA568CF00F49EA2 /* Debug */,
				03D499F41DA568CF00F49EA2 /* Release */,
			);
			defaultConfigurationIsVisible = 0;
		};
/* End XCConfigurationList section */
	};
	rootObject = 03D499E31DA568CF00F49EA2 /* Project object */;
}
